{
  "version": 4,
  "terraform_version": "1.15.8",
  "serial": 102,
  "lineage": "c7b43c9c-5083-c8ed-fac7-40ab969aa35d",
  "outputs": {},
  "resources": [
    {
      "mode": "managed",
      "type": "aws_instance",
      "name": "web",
      "provider": "provider[\"registry.terraform.io/hashicorp/aws\"]",
      "instances": [
        {
          "schema_version": 2,
          "attributes": {
            "ami": "ami-08b7b9fdd7a1edf3d",
            "arn": "arn:aws:ec2:us-west-2:538707363561:instance/i-0d049e960cf292fd0",
            "associate_public_ip_address": true,
            "availability_zone": "us-west-2a",
            "capacity_reservation_specification": [
              {
                "capacity_reservation_preference": "open",
                "capacity_reservation_target": []
              }
            ],
            "cpu_options": [
              {
                "amd_sev_snp": "",
                "core_count": 1,
                "nested_virtualization": "",
                "threads_per_core": 2
              }
            ],
            "credit_specification": [
              {
                "cpu_credits": "unlimited"
              }
            ],
            "disable_api_stop": false,
            "disable_api_termination": false,
            "ebs_block_device": [],
            "ebs_optimized": false,
            "enable_primary_ipv6": null,
            "enclave_options": [
              {
                "enabled": false
              }
            ],
            "ephemeral_block_device": [],
            "force_destroy": false,
            "get_password_data": false,
            "hibernation": false,
            "host_id": "",
            "host_resource_group_arn": null,
            "iam_instance_profile": "",
            "id": "i-0d049e960cf292fd0",
            "instance_initiated_shutdown_behavior": "stop",
            "instance_lifecycle": "",
            "instance_market_options": [],
            "instance_state": "running",
            "instance_type": "t3.micro",
            "ipv6_address_count": 0,
            "ipv6_addresses": [],
            "key_name": "terraform-key",
            "launch_template": [],
            "maintenance_options": [
              {
                "auto_recovery": "default"
              }
            ],
            "metadata_options": [
              {
                "http_endpoint": "enabled",
                "http_protocol_ipv6": "disabled",
                "http_put_response_hop_limit": 2,
                "http_tokens": "required",
                "instance_metadata_tags": "disabled"
              }
            ],
            "monitoring": false,
            "network_interface": [],
            "outpost_arn": "",
            "password_data": "",
            "placement_group": "",
            "placement_group_id": "",
            "placement_partition_number": 0,
            "primary_network_interface": [
              {
                "delete_on_termination": true,
                "network_interface_id": "eni-049f77b739187c203"
              }
            ],
            "primary_network_interface_id": "eni-049f77b739187c203",
            "private_dns": "ip-172-31-41-153.us-west-2.compute.internal",
            "private_dns_name_options": [
              {
                "enable_resource_name_dns_a_record": false,
                "enable_resource_name_dns_aaaa_record": false,
                "hostname_type": "ip-name"
              }
            ],
            "private_ip": "172.31.41.153",
            "public_dns": "ec2-35-89-240-114.us-west-2.compute.amazonaws.com",
            "public_ip": "35.89.240.114",
            "region": "us-west-2",
            "root_block_device": [
              {
                "delete_on_termination": true,
                "device_name": "/dev/xvda",
                "encrypted": false,
                "iops": 3000,
                "kms_key_id": "",
                "tags": {},
                "tags_all": {},
                "throughput": 125,
                "volume_id": "vol-0f85b79a4dc6df7dd",
                "volume_size": 8,
                "volume_type": "gp3"
              }
            ],
            "secondary_network_interface": [],
            "secondary_private_ips": [],
            "security_groups": [
              "allow_ssh"
            ],
            "source_dest_check": true,
            "spot_instance_request_id": "",
            "subnet_id": "subnet-0e9e91f0a486f491d",
            "tags": null,
            "tags_all": {},
            "tenancy": "default",
            "timeouts": null,
            "user_data": null,
            "user_data_base64": null,
            "user_data_replace_on_change": false,
            "volume_tags": null,
            "vpc_security_group_ids": [
              "sg-00c62f0dc5f4543ef"
            ]
          },
          "sensitive_attributes": [],
          "identity_schema_version": 0,
          "identity": {
            "account_id": "538707363561",
            "id": "i-0d049e960cf292fd0",
            "region": "us-west-2"
          },
          "private": "eyJlMmJmYjczMC1lY2FhLTExZTYtOGY4OC0zNDM2M2JjN2M0YzAiOnsiY3JlYXRlIjo2MDAwMDAwMDAwMDAsImRlbGV0ZSI6MTIwMDAwMDAwMDAwMCwicmVhZCI6OTAwMDAwMDAwMDAwLCJ1cGRhdGUiOjYwMDAwMDAwMDAwMH0sInNjaGVtYV92ZXJzaW9uIjoiMiJ9",
          "dependencies": [
            "aws_security_group.allow_ssh"
          ]
        }
      ]
    },
    {
      "mode": "managed",
      "type": "aws_key_pair",
      "name": "terraform_key",
      "provider": "provider[\"registry.terraform.io/hashicorp/aws\"]",
      "instances": [
        {
          "schema_version": 1,
          "attributes": {
            "arn": "arn:aws:ec2:us-west-2:538707363561:key-pair/terraform-key",
            "fingerprint": "aa:12:86:cb:f5:c6:2f:6a:d7:d0:cd:37:8f:11:83:46",
            "id": "terraform-key",
            "key_name": "terraform-key",
            "key_name_prefix": "",
            "key_pair_id": "key-0eacf4b66e5ad727f",
            "key_type": "rsa",
            "public_key": "ssh-rsa AAAAB3NzaC1yc2EAAAADAQABAAABAQD7a4W6LSotKl8dFbA7dKwkLUtdvapfiIwQuNg3ZhgQzzPHJUnLl8c1xSZpcwhlbdwvFrB8S/rp3saGAWxjqcgqn0Sowyka+Xe2wmEPQe64NnoVzSUKynKiKWEisZb4xv/pG/R/1P4fNU3ZPJ+mBwjJ/xMvI+c8EmJNetE0Xpoosvlw3ZmYU2/SZrOzvMBPdhza5XCSXNncn/d4TqERhO+LNK6YhPImywLTbnntAU3beF34PHI4GPWRvKw6h31d+CJVMjhLdmVdkX86t+1QohbdomQv/tXDHAmMXMZvzbyEUH0jy8tKDXo1EpbHcOwsEMSUgPccISY730VoyOGYiuZf",
            "region": "us-west-2",
            "tags": null,
            "tags_all": {}
          },
          "sensitive_attributes": [],
          "identity_schema_version": 0,
          "private": "eyJzY2hlbWFfdmVyc2lvbiI6IjEifQ==",
          "dependencies": [
            "tls_private_key.terraform_key"
          ]
        }
      ]
    },
    {
      "mode": "managed",
      "type": "aws_security_group",
      "name": "allow_ssh",
      "provider": "provider[\"registry.terraform.io/hashicorp/aws\"]",
      "instances": [
        {
          "schema_version": 1,
          "attributes": {
            "arn": "arn:aws:ec2:us-west-2:538707363561:security-group/sg-00c62f0dc5f4543ef",
            "description": "Allow SSH inbound traffic",
            "egress": [
              {
                "cidr_blocks": [
                  "0.0.0.0/0"
                ],
                "description": "",
                "from_port": 0,
                "ipv6_cidr_blocks": [],
                "prefix_list_ids": [],
                "protocol": "-1",
                "security_groups": [],
                "self": false,
                "to_port": 0
              }
            ],
            "id": "sg-00c62f0dc5f4543ef",
            "ingress": [
              {
                "cidr_blocks": [
                  "0.0.0.0/0"
                ],
                "description": "SSH from anywhere",
                "from_port": 22,
                "ipv6_cidr_blocks": [],
                "prefix_list_ids": [],
                "protocol": "tcp",
                "security_groups": [],
                "self": false,
                "to_port": 22
              }
            ],
            "name": "allow_ssh",
            "name_prefix": "",
            "owner_id": "538707363561",
            "region": "us-west-2",
            "revoke_rules_on_delete": false,
            "tags": {
              "Name": "allow_ssh"
            },
            "tags_all": {
              "Name": "allow_ssh"
            },
            "timeouts": null,
            "vpc_id": "vpc-019bc461fa8c3140f"
          },
          "sensitive_attributes": [],
          "identity_schema_version": 0,
          "identity": {
            "account_id": "538707363561",
            "id": "sg-00c62f0dc5f4543ef",
            "region": "us-west-2"
          },
          "private": "eyJlMmJmYjczMC1lY2FhLTExZTYtOGY4OC0zNDM2M2JjN2M0YzAiOnsiY3JlYXRlIjo2MDAwMDAwMDAwMDAsImRlbGV0ZSI6OTAwMDAwMDAwMDAwfSwic2NoZW1hX3ZlcnNpb24iOiIxIn0="
        }
      ]
    },
    {
      "mode": "managed",
      "type": "local_file",
      "name": "private_key",
      "provider": "provider[\"registry.terraform.io/hashicorp/local\"]",
      "instances": [
        {
          "schema_version": 0,
          "attributes": {
            "content": "-----BEGIN RSA PRIVATE KEY-----\nMIIEowIBAAKCAQEA+2uFui0qLSpfHRWwO3SsJC1LXb2qX4iMELjYN2YYEM8zxyVJ\ny5fHNcUmaXMIZW3cLxawfEv66d7GhgFsY6nIKp9EqMMpGvl3tsJhD0HuuDZ6Fc0l\nCspyoilhIrGW+Mb/6Rv0f9T+HzVN2TyfpgcIyf8TLyPnPBJiTXrRNF6aKLL5cN2Z\nmFNv0mazs7zAT3Yc2uVwklzZ3J/3eE6hEYTvizSumITyJssC02557QFN23hd+Dxy\nOBj1kbysOod9XfgiVTI4S3ZlXZF/OrftUKIW3aJkL/7VwxwJjFzGb828hFB9I8vL\nSg16NRKWx3DsLBDElID3HCEmO99FaMjhmIrmXwIDAQABAoIBAHvz9kGkG7uZvLvT\nogemDWpmlFYaeKFR6jAiWaLyaCH9bZscpKXF5hZ55OavKnALOjdS+d7F/OYJiZmu\noPf/0CpHTGvhj+X3IRDPA1go2t8iKI2QDtejmOGfAf8/S93KCogsWp4dbc4IEyHr\ndBBAPpKL+bLPgiTJMYLebr7hdyJhpFQEHJv0kHhGVvQQ1MreqmGtzspZGp5C98Op\nonKM14PbcDa1i+x3Oz44EErnoxR6kJh75aN5cmYeaSAKtyBYpfL9zAdEvtKaiTJC\n6qM7KFk9lKS/JSvlMjzwxxmpJCXCsCyVF8hYbG+6ZpTvBHtWWXElanwvAhzVZ5nH\n5r8Sm7UCgYEA/4hYlS6WpmBayl/08lTzTVC72mG7tUm9BWToXkgRUiBFqhtXWxKo\nGYbalPEDwO6gizWSubRRO5a5gPnkyXVNN+ayfFRX9V9Zg7HrQkz/oQGp15DlQT+D\nNKnJjZrxWb7OggJBATbChWcPpf+8HjMTVIRa83s5w94STI3sbTheAaUCgYEA++FA\nKAnwB8APIFytB4/s71kqFAIEwa6yK7ESA3Kx8xW6keNF+v02q4DN83fSSlWZ9oJW\n0/5ASyrPY7F2SdNhR6ZnDbYqvMXzJeelcgampq2qLsDw9X0f9pvWW7WlVWLcup1n\n+ObIdM41+pUSoX9Q4sQhmJMR8+xegipEQ1sEwLMCgYBmQ7bP3VlFNIKhQ03QPdcx\nNgI4H6zznJMdOYkVUlo8N9Ypgc+wDwNfU+zedqY97EIr9EDIOTXZVzTePSQmy98f\nZCBCSa758DLu1aGFYzNayEOklcRqHHTx+pFDLqMwe4BB340MY1Ht+ZT1picvHtm5\nlU6g6svva0x/fr0D6O8WUQKBgQCvr52gT84smbnzSLEn5SvOhtLiwcWvkrqT3x5B\naW7VrwJDX9MgDh5j4aPFfn4fezW4y5DkrSMLSwD8+HsZY2cnItoepkGJCkle1wR/\nVERJXjimA84ObQguauRJc5muxRZQ1BoBcne/gVYFQpWML9GrWkJUucB78xK4l+Kl\nWIcoIQKBgFwVx+WQG+lG659bDiOcQE8qkCij4eL0uzMzyDbH7rtuSMC4jIluQ9OQ\nuMeeXfEsRcto2UjOjNbkupTeLNMyQGL+mEKQdOT9PD3tYqnmGMVDqggIGvLR9IaJ\nvC6hQbjkTDVwFNucN6FayoCmpoMGl9tzMs8dS64J8VO98gzy4Y7p\n-----END RSA PRIVATE KEY-----\n",
            "content_base64": null,
            "content_base64sha256": "pp7DrU1UroGmgXV9yVvHc/zZ1f8SjpGV2Bg9VWqm4/Q=",
            "content_base64sha512": "kjIiYFMRv1iRdX3NlRZCDS5jSu43wwnq4iu3HRh77SV798aYDtZqPwCfErOetvpj5Fiw6UwrnSY9rICc+CRGYg==",
            "content_md5": "fff2548fe16485b4eb24dfd16fcc3300",
            "content_sha1": "fb6979d5242ee52bbafa2fb2d6fe7790c035d84d",
            "content_sha256": "a69ec3ad4d54ae81a681757dc95bc773fcd9d5ff128e9195d8183d556aa6e3f4",
            "content_sha512": "923222605311bf5891757dcd9516420d2e634aee37c309eae22bb71d187bed257bf7c6980ed66a3f009f12b39eb6fa63e458b0e94c2b9d263dac809cf8244662",
            "directory_permission": "0777",
            "file_permission": "0400",
            "filename": "./terraform-key.pem",
            "id": "fb6979d5242ee52bbafa2fb2d6fe7790c035d84d",
            "sensitive_content": null,
            "source": null
          },
          "sensitive_attributes": [
            [
              {
                "type": "get_attr",
                "value": "content"
              }
            ],
            [
              {
                "type": "get_attr",
                "value": "sensitive_content"
              }
            ]
          ],
          "identity_schema_version": 0,
          "dependencies": [
            "tls_private_key.terraform_key"
          ]
        }
      ]
    },
    {
      "mode": "managed",
      "type": "null_resource",
      "name": "install_nginx",
      "provider": "provider[\"registry.terraform.io/hashicorp/null\"]",
      "instances": [
        {
          "status": "tainted",
          "schema_version": 0,
          "attributes": {
            "id": "5076838930533698315",
            "triggers": null
          },
          "sensitive_attributes": [],
          "identity_schema_version": 0,
          "dependencies": [
            "aws_instance.web",
            "aws_security_group.allow_ssh",
            "null_resource.wait_for_ssh",
            "time_sleep.wait_for_instance",
            "tls_private_key.terraform_key"
          ]
        }
      ]
    },
    {
      "mode": "managed",
      "type": "null_resource",
      "name": "wait_for_ssh",
      "provider": "provider[\"registry.terraform.io/hashicorp/null\"]",
      "instances": [
        {
          "schema_version": 0,
          "attributes": {
            "id": "4052171473229691434",
            "triggers": null
          },
          "sensitive_attributes": [],
          "identity_schema_version": 0,
          "dependencies": [
            "aws_instance.web",
            "aws_security_group.allow_ssh",
            "time_sleep.wait_for_instance",
            "tls_private_key.terraform_key"
          ]
        }
      ]
    },
    {
      "mode": "managed",
      "type": "time_sleep",
      "name": "wait_for_instance",
      "provider": "provider[\"registry.terraform.io/hashicorp/time\"]",
      "instances": [
        {
          "schema_version": 0,
          "attributes": {
            "create_duration": "60s",
            "destroy_duration": null,
            "id": "2026-08-27T04:23:08Z",
            "triggers": null
          },
          "sensitive_attributes": [],
          "identity_schema_version": 0,
          "dependencies": [
            "aws_instance.web",
            "aws_security_group.allow_ssh"
          ]
        }
      ]
    },
    {
      "mode": "managed",
      "type": "tls_private_key",
      "name": "terraform_key",
      "provider": "provider[\"registry.terraform.io/hashicorp/tls\"]",
      "instances": [
        {
          "schema_version": 1,
          "attributes": {
            "algorithm": "RSA",
            "ecdsa_curve": "P224",
            "id": "28eb4a30911077b1c00c5362b8900e3f6a2805ed",
            "private_key_openssh": "-----BEGIN OPENSSH PRIVATE KEY-----\nb3BlbnNzaC1rZXktdjEAAAAABG5vbmUAAAAEbm9uZQAAAAAAAAABAAABFwAAAAdz\nc2gtcnNhAAAAAwEAAQAAAQEA+2uFui0qLSpfHRWwO3SsJC1LXb2qX4iMELjYN2YY\nEM8zxyVJy5fHNcUmaXMIZW3cLxawfEv66d7GhgFsY6nIKp9EqMMpGvl3tsJhD0Hu\nuDZ6Fc0lCspyoilhIrGW+Mb/6Rv0f9T+HzVN2TyfpgcIyf8TLyPnPBJiTXrRNF6a\nKLL5cN2ZmFNv0mazs7zAT3Yc2uVwklzZ3J/3eE6hEYTvizSumITyJssC02557QFN\n23hd+DxyOBj1kbysOod9XfgiVTI4S3ZlXZF/OrftUKIW3aJkL/7VwxwJjFzGb828\nhFB9I8vLSg16NRKWx3DsLBDElID3HCEmO99FaMjhmIrmXwAAA7jXglvc14Jb3AAA\nAAdzc2gtcnNhAAABAQD7a4W6LSotKl8dFbA7dKwkLUtdvapfiIwQuNg3ZhgQzzPH\nJUnLl8c1xSZpcwhlbdwvFrB8S/rp3saGAWxjqcgqn0Sowyka+Xe2wmEPQe64NnoV\nzSUKynKiKWEisZb4xv/pG/R/1P4fNU3ZPJ+mBwjJ/xMvI+c8EmJNetE0Xpoosvlw\n3ZmYU2/SZrOzvMBPdhza5XCSXNncn/d4TqERhO+LNK6YhPImywLTbnntAU3beF34\nPHI4GPWRvKw6h31d+CJVMjhLdmVdkX86t+1QohbdomQv/tXDHAmMXMZvzbyEUH0j\ny8tKDXo1EpbHcOwsEMSUgPccISY730VoyOGYiuZfAAAAAwEAAQAAAQB78/ZBpBu7\nmby706IHpg1qZpRWGnihUeowIlmi8mgh/W2bHKSlxeYWeeTmrypwCzo3Uvnexfzm\nCYmZrqD3/9AqR0xr4Y/l9yEQzwNYKNrfIiiNkA7Xo5jhnwH/P0vdygqILFqeHW3O\nCBMh63QQQD6Si/myz4IkyTGC3m6+4XciYaRUBByb9JB4Rlb0ENTK3qphrc7KWRqe\nQvfDqaJyjNeD23A2tYvsdzs+OBBK56MUepCYe+WjeXJmHmkgCrcgWKXy/cwHRL7S\nmokyQuqjOyhZPZSkvyUr5TI88McZqSQlwrAslRfIWGxvumaU7wR7VllxJWp8LwIc\n1WeZx+a/Epu1AAAAgFwVx+WQG+lG659bDiOcQE8qkCij4eL0uzMzyDbH7rtuSMC4\njIluQ9OQuMeeXfEsRcto2UjOjNbkupTeLNMyQGL+mEKQdOT9PD3tYqnmGMVDqggI\nGvLR9IaJvC6hQbjkTDVwFNucN6FayoCmpoMGl9tzMs8dS64J8VO98gzy4Y7pAAAA\ngQD/iFiVLpamYFrKX/TyVPNNULvaYbu1Sb0FZOheSBFSIEWqG1dbEqgZhtqU8QPA\n7qCLNZK5tFE7lrmA+eTJdU035rJ8VFf1X1mDsetCTP+hAanXkOVBP4M0qcmNmvFZ\nvs6CAkEBNsKFZw+l/7weMxNUhFrzeznD3hJMjextOF4BpQAAAIEA++FAKAnwB8AP\nIFytB4/s71kqFAIEwa6yK7ESA3Kx8xW6keNF+v02q4DN83fSSlWZ9oJW0/5ASyrP\nY7F2SdNhR6ZnDbYqvMXzJeelcgampq2qLsDw9X0f9pvWW7WlVWLcup1n+ObIdM41\n+pUSoX9Q4sQhmJMR8+xegipEQ1sEwLMAAAAAAQID\n-----END OPENSSH PRIVATE KEY-----\n",
            "private_key_pem": "-----BEGIN RSA PRIVATE KEY-----\nMIIEowIBAAKCAQEA+2uFui0qLSpfHRWwO3SsJC1LXb2qX4iMELjYN2YYEM8zxyVJ\ny5fHNcUmaXMIZW3cLxawfEv66d7GhgFsY6nIKp9EqMMpGvl3tsJhD0HuuDZ6Fc0l\nCspyoilhIrGW+Mb/6Rv0f9T+HzVN2TyfpgcIyf8TLyPnPBJiTXrRNF6aKLL5cN2Z\nmFNv0mazs7zAT3Yc2uVwklzZ3J/3eE6hEYTvizSumITyJssC02557QFN23hd+Dxy\nOBj1kbysOod9XfgiVTI4S3ZlXZF/OrftUKIW3aJkL/7VwxwJjFzGb828hFB9I8vL\nSg16NRKWx3DsLBDElID3HCEmO99FaMjhmIrmXwIDAQABAoIBAHvz9kGkG7uZvLvT\nogemDWpmlFYaeKFR6jAiWaLyaCH9bZscpKXF5hZ55OavKnALOjdS+d7F/OYJiZmu\noPf/0CpHTGvhj+X3IRDPA1go2t8iKI2QDtejmOGfAf8/S93KCogsWp4dbc4IEyHr\ndBBAPpKL+bLPgiTJMYLebr7hdyJhpFQEHJv0kHhGVvQQ1MreqmGtzspZGp5C98Op\nonKM14PbcDa1i+x3Oz44EErnoxR6kJh75aN5cmYeaSAKtyBYpfL9zAdEvtKaiTJC\n6qM7KFk9lKS/JSvlMjzwxxmpJCXCsCyVF8hYbG+6ZpTvBHtWWXElanwvAhzVZ5nH\n5r8Sm7UCgYEA/4hYlS6WpmBayl/08lTzTVC72mG7tUm9BWToXkgRUiBFqhtXWxKo\nGYbalPEDwO6gizWSubRRO5a5gPnkyXVNN+ayfFRX9V9Zg7HrQkz/oQGp15DlQT+D\nNKnJjZrxWb7OggJBATbChWcPpf+8HjMTVIRa83s5w94STI3sbTheAaUCgYEA++FA\nKAnwB8APIFytB4/s71kqFAIEwa6yK7ESA3Kx8xW6keNF+v02q4DN83fSSlWZ9oJW\n0/5ASyrPY7F2SdNhR6ZnDbYqvMXzJeelcgampq2qLsDw9X0f9pvWW7WlVWLcup1n\n+ObIdM41+pUSoX9Q4sQhmJMR8+xegipEQ1sEwLMCgYBmQ7bP3VlFNIKhQ03QPdcx\nNgI4H6zznJMdOYkVUlo8N9Ypgc+wDwNfU+zedqY97EIr9EDIOTXZVzTePSQmy98f\nZCBCSa758DLu1aGFYzNayEOklcRqHHTx+pFDLqMwe4BB340MY1Ht+ZT1picvHtm5\nlU6g6svva0x/fr0D6O8WUQKBgQCvr52gT84smbnzSLEn5SvOhtLiwcWvkrqT3x5B\naW7VrwJDX9MgDh5j4aPFfn4fezW4y5DkrSMLSwD8+HsZY2cnItoepkGJCkle1wR/\nVERJXjimA84ObQguauRJc5muxRZQ1BoBcne/gVYFQpWML9GrWkJUucB78xK4l+Kl\nWIcoIQKBgFwVx+WQG+lG659bDiOcQE8qkCij4eL0uzMzyDbH7rtuSMC4jIluQ9OQ\nuMeeXfEsRcto2UjOjNbkupTeLNMyQGL+mEKQdOT9PD3tYqnmGMVDqggIGvLR9IaJ\nvC6hQbjkTDVwFNucN6FayoCmpoMGl9tzMs8dS64J8VO98gzy4Y7p\n-----END RSA PRIVATE KEY-----\n",
            "private_key_pem_pkcs8": "-----BEGIN PRIVATE KEY-----\nMIIEvQIBADANBgkqhkiG9w0BAQEFAASCBKcwggSjAgEAAoIBAQD7a4W6LSotKl8d\nFbA7dKwkLUtdvapfiIwQuNg3ZhgQzzPHJUnLl8c1xSZpcwhlbdwvFrB8S/rp3saG\nAWxjqcgqn0Sowyka+Xe2wmEPQe64NnoVzSUKynKiKWEisZb4xv/pG/R/1P4fNU3Z\nPJ+mBwjJ/xMvI+c8EmJNetE0Xpoosvlw3ZmYU2/SZrOzvMBPdhza5XCSXNncn/d4\nTqERhO+LNK6YhPImywLTbnntAU3beF34PHI4GPWRvKw6h31d+CJVMjhLdmVdkX86\nt+1QohbdomQv/tXDHAmMXMZvzbyEUH0jy8tKDXo1EpbHcOwsEMSUgPccISY730Vo\nyOGYiuZfAgMBAAECggEAe/P2QaQbu5m8u9OiB6YNamaUVhp4oVHqMCJZovJoIf1t\nmxykpcXmFnnk5q8qcAs6N1L53sX85gmJma6g9//QKkdMa+GP5fchEM8DWCja3yIo\njZAO16OY4Z8B/z9L3coKiCxanh1tzggTIet0EEA+kov5ss+CJMkxgt5uvuF3ImGk\nVAQcm/SQeEZW9BDUyt6qYa3OylkankL3w6micozXg9twNrWL7Hc7PjgQSuejFHqQ\nmHvlo3lyZh5pIAq3IFil8v3MB0S+0pqJMkLqozsoWT2UpL8lK+UyPPDHGakkJcKw\nLJUXyFhsb7pmlO8Ee1ZZcSVqfC8CHNVnmcfmvxKbtQKBgQD/iFiVLpamYFrKX/Ty\nVPNNULvaYbu1Sb0FZOheSBFSIEWqG1dbEqgZhtqU8QPA7qCLNZK5tFE7lrmA+eTJ\ndU035rJ8VFf1X1mDsetCTP+hAanXkOVBP4M0qcmNmvFZvs6CAkEBNsKFZw+l/7we\nMxNUhFrzeznD3hJMjextOF4BpQKBgQD74UAoCfAHwA8gXK0Hj+zvWSoUAgTBrrIr\nsRIDcrHzFbqR40X6/TargM3zd9JKVZn2glbT/kBLKs9jsXZJ02FHpmcNtiq8xfMl\n56VyBqamraouwPD1fR/2m9ZbtaVVYty6nWf45sh0zjX6lRKhf1DixCGYkxHz7F6C\nKkRDWwTAswKBgGZDts/dWUU0gqFDTdA91zE2AjgfrPOckx05iRVSWjw31imBz7AP\nA19T7N52pj3sQiv0QMg5NdlXNN49JCbL3x9kIEJJrvnwMu7VoYVjM1rIQ6SVxGoc\ndPH6kUMuozB7gEHfjQxjUe35lPWmJy8e2bmVTqDqy+9rTH9+vQPo7xZRAoGBAK+v\nnaBPziyZufNIsSflK86G0uLBxa+SupPfHkFpbtWvAkNf0yAOHmPho8V+fh97NbjL\nkOStIwtLAPz4exljZyci2h6mQYkKSV7XBH9UREleOKYDzg5tCC5q5Elzma7FFlDU\nGgFyd7+BVgVClYwv0ataQlS5wHvzEriX4qVYhyghAoGAXBXH5ZAb6Ubrn1sOI5xA\nTyqQKKPh4vS7MzPINsfuu25IwLiMiW5D05C4x55d8SxFy2jZSM6M1uS6lN4s0zJA\nYv6YQpB05P08Pe1iqeYYxUOqCAga8tH0hom8LqFBuORMNXAU25w3oVrKgKamgwaX\n23Myzx1LrgnxU73yDPLhjuk=\n-----END PRIVATE KEY-----\n",
            "public_key_fingerprint_md5": "46:11:03:51:06:43:ce:df:c0:16:9e:14:96:4a:b3:ad",
            "public_key_fingerprint_sha256": "SHA256:sR5oygsNAEnTA+l6ShooQQHz1lOZ+z2EiSOt2TyEeHE",
            "public_key_openssh": "ssh-rsa AAAAB3NzaC1yc2EAAAADAQABAAABAQD7a4W6LSotKl8dFbA7dKwkLUtdvapfiIwQuNg3ZhgQzzPHJUnLl8c1xSZpcwhlbdwvFrB8S/rp3saGAWxjqcgqn0Sowyka+Xe2wmEPQe64NnoVzSUKynKiKWEisZb4xv/pG/R/1P4fNU3ZPJ+mBwjJ/xMvI+c8EmJNetE0Xpoosvlw3ZmYU2/SZrOzvMBPdhza5XCSXNncn/d4TqERhO+LNK6YhPImywLTbnntAU3beF34PHI4GPWRvKw6h31d+CJVMjhLdmVdkX86t+1QohbdomQv/tXDHAmMXMZvzbyEUH0jy8tKDXo1EpbHcOwsEMSUgPccISY730VoyOGYiuZf\n",
            "public_key_pem": "-----BEGIN PUBLIC KEY-----\nMIIBIjANBgkqhkiG9w0BAQEFAAOCAQ8AMIIBCgKCAQEA+2uFui0qLSpfHRWwO3Ss\nJC1LXb2qX4iMELjYN2YYEM8zxyVJy5fHNcUmaXMIZW3cLxawfEv66d7GhgFsY6nI\nKp9EqMMpGvl3tsJhD0HuuDZ6Fc0lCspyoilhIrGW+Mb/6Rv0f9T+HzVN2TyfpgcI\nyf8TLyPnPBJiTXrRNF6aKLL5cN2ZmFNv0mazs7zAT3Yc2uVwklzZ3J/3eE6hEYTv\nizSumITyJssC02557QFN23hd+DxyOBj1kbysOod9XfgiVTI4S3ZlXZF/OrftUKIW\n3aJkL/7VwxwJjFzGb828hFB9I8vLSg16NRKWx3DsLBDElID3HCEmO99FaMjhmIrm\nXwIDAQAB\n-----END PUBLIC KEY-----\n",
            "rsa_bits": 2048
          },
          "sensitive_attributes": [
            [
              {
                "type": "get_attr",
                "value": "private_key_openssh"
              }
            ],
            [
              {
                "type": "get_attr",
                "value": "private_key_pem"
              }
            ],
            [
              {
                "type": "get_attr",
                "value": "private_key_pem_pkcs8"
              }
            ]
          ],
          "identity_schema_version": 0
        }
      ]
    }
  ],
  "check_results": null
}
